
Microsoft Visual Studio Solution File, Format Version 12.00
# Visual Studio Version 16
VisualStudioVersion = 16.0.32228.547
MinimumVisualStudioVersion = 10.0.40219.1
Project("{FAE04EC0-301F-11D3-BF4B-00C04F79EFBC}") = "Payanarvorkss.Payanar.Tabless.Wpf", "Payanarvorkss.Payanar.Tabless.Wpf\Payanarvorkss.Payanar.Tabless.Wpf.csproj", "{18243257-A34C-4B1E-BAF8-3A0B0346C727}"
EndProject
Global
	GlobalSection(SolutionConfigurationPlatforms) = preSolution
		Debug|Any CPU = Debug|Any CPU
		Release|Any CPU = Release|Any CPU
	EndGlobalSection
	GlobalSection(ProjectConfigurationPlatforms) = postSolution
		{18243257-A34C-4B1E-BAF8-3A0B0346C727}.Debug|Any CPU.ActiveCfg = Debug|Any CPU
		{18243257-A34C-4B1E-BAF8-3A0B0346C727}.Debug|Any CPU.Build.0 = Debug|Any CPU
		{18243257-A34C-4B1E-BAF8-3A0B0346C727}.Release|Any CPU.ActiveCfg = Release|Any CPU
		{18243257-A34C-4B1E-BAF8-3A0B0346C727}.Release|Any CPU.Build.0 = Release|Any CPU
	EndGlobalSection
	GlobalSection(SolutionProperties) = preSolution
		HideSolutionNode = FALSE
	EndGlobalSection
	GlobalSection(ExtensibilityGlobals) = postSolution
		SolutionGuid = {E2B34863-3F3C-4DB9-85C5-82D1256889E7}
	EndGlobalSection
EndGlobal
