
Microsoft Visual Studio Solution File, Format Version 12.00
# Visual Studio Version 17
VisualStudioVersion = 17.3.32901.215
MinimumVisualStudioVersion = 10.0.40219.1
Project("{FAE04EC0-301F-11D3-BF4B-00C04F79EFBC}") = "Payanarvorkss.Payanar.Tabless.Api", "Payanarvorkss.Payanar.Tabless.Api.csproj", "{1AC5A432-CC20-4A06-8EBA-921C2925F56D}"
EndProject
Global
	GlobalSection(SolutionConfigurationPlatforms) = preSolution
		Debug|Any CPU = Debug|Any CPU
		Release|Any CPU = Release|Any CPU
	EndGlobalSection
	GlobalSection(ProjectConfigurationPlatforms) = postSolution
		{1AC5A432-CC20-4A06-8EBA-921C2925F56D}.Debug|Any CPU.ActiveCfg = Debug|Any CPU
		{1AC5A432-CC20-4A06-8EBA-921C2925F56D}.Debug|Any CPU.Build.0 = Debug|Any CPU
		{1AC5A432-CC20-4A06-8EBA-921C2925F56D}.Release|Any CPU.ActiveCfg = Release|Any CPU
		{1AC5A432-CC20-4A06-8EBA-921C2925F56D}.Release|Any CPU.Build.0 = Release|Any CPU
	EndGlobalSection
	GlobalSection(SolutionProperties) = preSolution
		HideSolutionNode = FALSE
	EndGlobalSection
	GlobalSection(ExtensibilityGlobals) = postSolution
		SolutionGuid = {05A05EB8-D27B-49DB-8F74-478B7B395D66}
	EndGlobalSection
EndGlobal
